// !$*UTF8*$!
{
	archiveVersion = 1;
	classes = {
	};
	objectVersion = 56;
	objects = {

/* Begin PBXBuildFile section */
		C51AD4D72B755B6500044E4F /* Compass_CompanionApp.swift in Sources */ = {isa = PBXBuildFile; fileRef = C51AD4D62B755B6500044E4F /* Compass_CompanionApp.swift */; };
		C51AD4D92B755B6500044E4F /* ContentView.swift in Sources */ = {isa = PBXBuildFile; fileRef = C51AD4D82B755B6500044E4F /* ContentView.swift */; };
		C51AD4DB2B755B6500044E4F /* LogEntry.swift in Sources */ = {isa = PBXBuildFile; fileRef = C51AD4DA2B755B6500044E4F /* LogEntry.swift */; };
		C51AD4DD2B755B6700044E4F /* Assets.xcassets in Resources */ = {isa = PBXBuildFile; fileRef = C51AD4DC2B755B6700044E4F /* Assets.xcassets */; };
		C51AD4E02B755B6700044E4F /* Preview Assets.xcassets in Resources */ = {isa = PBXBuildFile; fileRef = C51AD4DF2B755B6700044E4F /* Preview Assets.xcassets */; };
		C51AD4E72B755F2800044E4F /* DogActivities.swift in Sources */ = {isa = PBXBuildFile; fileRef = C51AD4E62B755F2800044E4F /* DogActivities.swift */; };
		C51AD4EA2B75604400044E4F /* HomeView.swift in Sources */ = {isa = PBXBuildFile; fileRef = C51AD4E92B75604400044E4F /* HomeView.swift */; };
		C51AD4EC2B75640900044E4F /* EntriesList.swift in Sources */ = {isa = PBXBuildFile; fileRef = C51AD4EB2B75640900044E4F /* EntriesList.swift */; };
		C51AD4EE2B75649B00044E4F /* CCDestinations.swift in Sources */ = {isa = PBXBuildFile; fileRef = C51AD4ED2B75649B00044E4F /* CCDestinations.swift */; };
		C51AD4F02B75660C00044E4F /* EntryDetails.swift in Sources */ = {isa = PBXBuildFile; fileRef = C51AD4EF2B75660C00044E4F /* EntryDetails.swift */; };
		C51AD4F42B75691800044E4F /* AddEntry.swift in Sources */ = {isa = PBXBuildFile; fileRef = C51AD4F32B75691800044E4F /* AddEntry.swift */; };
/* End PBXBuildFile section */

/* Begin PBXFileReference section */
		C51AD4D32B755B6500044E4F /* Compass Companion.app */ = {isa = PBXFileReference; explicitFileType = wrapper.application; includeInIndex = 0; path = "Compass Companion.app"; sourceTree = BUILT_PRODUCTS_DIR; };
		C51AD4D62B755B6500044E4F /* Compass_CompanionApp.swift */ = {isa = PBXFileReference; lastKnownFileType = sourcecode.swift; path = Compass_CompanionApp.swift; sourceTree = "<group>"; };
		C51AD4D82B755B6500044E4F /* ContentView.swift */ = {isa = PBXFileReference; lastKnownFileType = sourcecode.swift; path = ContentView.swift; sourceTree = "<group>"; };
		C51AD4DA2B755B6500044E4F /* LogEntry.swift */ = {isa = PBXFileReference; lastKnownFileType = sourcecode.swift; path = LogEntry.swift; sourceTree = "<group>"; };
		C51AD4DC2B755B6700044E4F /* Assets.xcassets */ = {isa = PBXFileReference; lastKnownFileType = folder.assetcatalog; path = Assets.xcassets; sourceTree = "<group>"; };
		C51AD4DF2B755B6700044E4F /* Preview Assets.xcassets */ = {isa = PBXFileReference; lastKnownFileType = folder.assetcatalog; path = "Preview Assets.xcassets"; sourceTree = "<group>"; };
		C51AD4E62B755F2800044E4F /* DogActivities.swift */ = {isa = PBXFileReference; lastKnownFileType = sourcecode.swift; path = DogActivities.swift; sourceTree = "<group>"; };
		C51AD4E92B75604400044E4F /* HomeView.swift */ = {isa = PBXFileReference; lastKnownFileType = sourcecode.swift; path = HomeView.swift; sourceTree = "<group>"; };
		C51AD4EB2B75640900044E4F /* EntriesList.swift */ = {isa = PBXFileReference; lastKnownFileType = sourcecode.swift; path = EntriesList.swift; sourceTree = "<group>"; };
		C51AD4ED2B75649B00044E4F /* CCDestinations.swift */ = {isa = PBXFileReference; lastKnownFileType = sourcecode.swift; path = CCDestinations.swift; sourceTree = "<group>"; };
		C51AD4EF2B75660C00044E4F /* EntryDetails.swift */ = {isa = PBXFileReference; lastKnownFileType = sourcecode.swift; path = EntryDetails.swift; sourceTree = "<group>"; };
		C51AD4F32B75691800044E4F /* AddEntry.swift */ = {isa = PBXFileReference; lastKnownFileType = sourcecode.swift; path = AddEntry.swift; sourceTree = "<group>"; };
/* End PBXFileReference section */

/* Begin PBXFrameworksBuildPhase section */
		C51AD4D02B755B6500044E4F /* Frameworks */ = {
			isa = PBXFrameworksBuildPhase;
			buildActionMask = 2147483647;
			files = (
			);
			runOnlyForDeploymentPostprocessing = 0;
		};
/* End PBXFrameworksBuildPhase section */

/* Begin PBXGroup section */
		C51AD4CA2B755B6500044E4F = {
			isa = PBXGroup;
			children = (
				C51AD4D52B755B6500044E4F /* Compass Companion */,
				C51AD4D42B755B6500044E4F /* Products */,
			);
			sourceTree = "<group>";
		};
		C51AD4D42B755B6500044E4F /* Products */ = {
			isa = PBXGroup;
			children = (
				C51AD4D32B755B6500044E4F /* Compass Companion.app */,
			);
			name = Products;
			sourceTree = "<group>";
		};
		C51AD4D52B755B6500044E4F /* Compass Companion */ = {
			isa = PBXGroup;
			children = (
				C51AD4D62B755B6500044E4F /* Compass_CompanionApp.swift */,
				C51AD4E82B75603600044E4F /* Views */,
				C51AD4DA2B755B6500044E4F /* LogEntry.swift */,
				C51AD4DC2B755B6700044E4F /* Assets.xcassets */,
				C51AD4DE2B755B6700044E4F /* Preview Content */,
				C51AD4E62B755F2800044E4F /* DogActivities.swift */,
				C51AD4ED2B75649B00044E4F /* CCDestinations.swift */,
			);
			path = "Compass Companion";
			sourceTree = "<group>";
		};
		C51AD4DE2B755B6700044E4F /* Preview Content */ = {
			isa = PBXGroup;
			children = (
				C51AD4DF2B755B6700044E4F /* Preview Assets.xcassets */,
			);
			path = "Preview Content";
			sourceTree = "<group>";
		};
		C51AD4E82B75603600044E4F /* Views */ = {
			isa = PBXGroup;
			children = (
				C51AD4D82B755B6500044E4F /* ContentView.swift */,
				C51AD4E92B75604400044E4F /* HomeView.swift */,
				C51AD4EB2B75640900044E4F /* EntriesList.swift */,
				C51AD4EF2B75660C00044E4F /* EntryDetails.swift */,
				C51AD4F32B75691800044E4F /* AddEntry.swift */,
			);
			path = Views;
			sourceTree = "<group>";
		};
/* End PBXGroup section */

/* Begin PBXNativeTarget section */
		C51AD4D22B755B6500044E4F /* Compass Companion */ = {
			isa = PBXNativeTarget;
			buildConfigurationList = C51AD4E32B755B6700044E4F /* Build configuration list for PBXNativeTarget "Compass Companion" */;
			buildPhases = (
				C51AD4CF2B755B6500044E4F /* Sources */,
				C51AD4D02B755B6500044E4F /* Frameworks */,
				C51AD4D12B755B6500044E4F /* Resources */,
			);
			buildRules = (
			);
			dependencies = (
			);
			name = "Compass Companion";
			productName = "Compass Companion";
			productReference = C51AD4D32B755B6500044E4F /* Compass Companion.app */;
			productType = "com.apple.product-type.application";
		};
/* End PBXNativeTarget section */

/* Begin PBXProject section */
		C51AD4CB2B755B6500044E4F /* Project object */ = {
			isa = PBXProject;
			attributes = {
				BuildIndependentTargetsInParallel = 1;
				LastSwiftUpdateCheck = 1520;
				LastUpgradeCheck = 1520;
				TargetAttributes = {
					C51AD4D22B755B6500044E4F = {
						CreatedOnToolsVersion = 15.2;
					};
				};
			};
			buildConfigurationList = C51AD4CE2B755B6500044E4F /* Build configuration list for PBXProject "Compass Companion" */;
			compatibilityVersion = "Xcode 14.0";
			developmentRegion = en;
			hasScannedForEncodings = 0;
			knownRegions = (
				en,
				Base,
			);
			mainGroup = C51AD4CA2B755B6500044E4F;
			productRefGroup = C51AD4D42B755B6500044E4F /* Products */;
			projectDirPath = "";
			projectRoot = "";
			targets = (
				C51AD4D22B755B6500044E4F /* Compass Companion */,
			);
		};
/* End PBXProject section */

/* Begin PBXResourcesBuildPhase section */
		C51AD4D12B755B6500044E4F /* Resources */ = {
			isa = PBXResourcesBuildPhase;
			buildActionMask = 2147483647;
			files = (
				C51AD4E02B755B6700044E4F /* Preview Assets.xcassets in Resources */,
				C51AD4DD2B755B6700044E4F /* Assets.xcassets in Resources */,
			);
			runOnlyForDeploymentPostprocessing = 0;
		};
/* End PBXResourcesBuildPhase section */

/* Begin PBXSourcesBuildPhase section */
		C51AD4CF2B755B6500044E4F /* Sources */ = {
			isa = PBXSourcesBuildPhase;
			buildActionMask = 2147483647;
			files = (
				C51AD4F42B75691800044E4F /* AddEntry.swift in Sources */,
				C51AD4D92B755B6500044E4F /* ContentView.swift in Sources */,
				C51AD4E72B755F2800044E4F /* DogActivities.swift in Sources */,
				C51AD4DB2B755B6500044E4F /* LogEntry.swift in Sources */,
				C51AD4EA2B75604400044E4F /* HomeView.swift in Sources */,
				C51AD4EC2B75640900044E4F /* EntriesList.swift in Sources */,
				C51AD4F02B75660C00044E4F /* EntryDetails.swift in Sources */,
				C51AD4D72B755B6500044E4F /* Compass_CompanionApp.swift in Sources */,
				C51AD4EE2B75649B00044E4F /* CCDestinations.swift in Sources */,
			);
			runOnlyForDeploymentPostprocessing = 0;
		};
/* End PBXSourcesBuildPhase section */

/* Begin XCBuildConfiguration section */
		C51AD4E12B755B6700044E4F /* Debug */ = {
			isa = XCBuildConfiguration;
			buildSettings = {
				ALWAYS_SEARCH_USER_PATHS = NO;
				ASSETCATALOG_COMPILER_GENERATE_SWIFT_ASSET_SYMBOL_EXTENSIONS = YES;
				CLANG_ANALYZER_NONNULL = YES;
				CLANG_ANALYZER_NUMBER_OBJECT_CONVERSION = YES_AGGRESSIVE;
				CLANG_CXX_LANGUAGE_STANDARD = "gnu++20";
				CLANG_ENABLE_MODULES = YES;
				CLANG_ENABLE_OBJC_ARC = YES;
				CLANG_ENABLE_OBJC_WEAK = YES;
				CLANG_WARN_BLOCK_CAPTURE_AUTORELEASING = YES;
				CLANG_WARN_BOOL_CONVERSION = YES;
				CLANG_WARN_COMMA = YES;
				CLANG_WARN_CONSTANT_CONVERSION = YES;
				CLANG_WARN_DEPRECATED_OBJC_IMPLEMENTATIONS = YES;
				CLANG_WARN_DIRECT_OBJC_ISA_USAGE = YES_ERROR;
				CLANG_WARN_DOCUMENTATION_COMMENTS = YES;
				CLANG_WARN_EMPTY_BODY = YES;
				CLANG_WARN_ENUM_CONVERSION = YES;
				CLANG_WARN_INFINITE_RECURSION = YES;
				CLANG_WARN_INT_CONVERSION = YES;
				CLANG_WARN_NON_LITERAL_NULL_CONVERSION = YES;
				CLANG_WARN_OBJC_IMPLICIT_RETAIN_SELF = YES;
				CLANG_WARN_OBJC_LITERAL_CONVERSION = YES;
				CLANG_WARN_OBJC_ROOT_CLASS = YES_ERROR;
				CLANG_WARN_QUOTED_INCLUDE_IN_FRAMEWORK_HEADER = YES;
				CLANG_WARN_RANGE_LOOP_ANALYSIS = YES;
				CLANG_WARN_STRICT_PROTOTYPES = YES;
				CLANG_WARN_SUSPICIOUS_MOVE = YES;
				CLANG_WARN_UNGUARDED_AVAILABILITY = YES_AGGRESSIVE;
				CLANG_WARN_UNREACHABLE_CODE = YES;
				CLANG_WARN__DUPLICATE_METHOD_MATCH = YES;
				COPY_PHASE_STRIP = NO;
				DEBUG_INFORMATION_FORMAT = dwarf;
				ENABLE_STRICT_OBJC_MSGSEND = YES;
				ENABLE_TESTABILITY = YES;
				ENABLE_USER_SCRIPT_SANDBOXING = YES;
				GCC_C_LANGUAGE_STANDARD = gnu17;
				GCC_DYNAMIC_NO_PIC = NO;
				GCC_NO_COMMON_BLOCKS = YES;
				GCC_OPTIMIZATION_LEVEL = 0;
				GCC_PREPROCESSOR_DEFINITIONS = (
					"DEBUG=1",
					"$(inherited)",
				);
				GCC_WARN_64_TO_32_BIT_CONVERSION = YES;
				GCC_WARN_ABOUT_RETURN_TYPE = YES_ERROR;
				GCC_WARN_UNDECLARED_SELECTOR = YES;
				GCC_WARN_UNINITIALIZED_AUTOS = YES_AGGRESSIVE;
				GCC_WARN_UNUSED_FUNCTION = YES;
				GCC_WARN_UNUSED_VARIABLE = YES;
				IPHONEOS_DEPLOYMENT_TARGET = 17.2;
				LOCALIZATION_PREFERS_STRING_CATALOGS = YES;
				MTL_ENABLE_DEBUG_INFO = INCLUDE_SOURCE;
				MTL_FAST_MATH = YES;
				ONLY_ACTIVE_ARCH = YES;
				SDKROOT = iphoneos;
				SWIFT_ACTIVE_COMPILATION_CONDITIONS = "DEBUG $(inherited)";
				SWIFT_OPTIMIZATION_LEVEL = "-Onone";
			};
			name = Debug;
		};
		C51AD4E22B755B6700044E4F /* Release */ = {
			isa = XCBuildConfiguration;
			buildSettings = {
				ALWAYS_SEARCH_USER_PATHS = NO;
				ASSETCATALOG_COMPILER_GENERATE_SWIFT_ASSET_SYMBOL_EXTENSIONS = YES;
				CLANG_ANALYZER_NONNULL = YES;
				CLANG_ANALYZER_NUMBER_OBJECT_CONVERSION = YES_AGGRESSIVE;
				CLANG_CXX_LANGUAGE_STANDARD = "gnu++20";
				CLANG_ENABLE_MODULES = YES;
				CLANG_ENABLE_OBJC_ARC = YES;
				CLANG_ENABLE_OBJC_WEAK = YES;
				CLANG_WARN_BLOCK_CAPTURE_AUTORELEASING = YES;
				CLANG_WARN_BOOL_CONVERSION = YES;
				CLANG_WARN_COMMA = YES;
				CLANG_WARN_CONSTANT_CONVERSION = YES;
				CLANG_WARN_DEPRECATED_OBJC_IMPLEMENTATIONS = YES;
				CLANG_WARN_DIRECT_OBJC_ISA_USAGE = YES_ERROR;
				CLANG_WARN_DOCUMENTATION_COMMENTS = YES;
				CLANG_WARN_EMPTY_BODY = YES;
				CLANG_WARN_ENUM_CONVERSION = YES;
				CLANG_WARN_INFINITE_RECURSION = YES;
				CLANG_WARN_INT_CONVERSION = YES;
				CLANG_WARN_NON_LITERAL_NULL_CONVERSION = YES;
				CLANG_WARN_OBJC_IMPLICIT_RETAIN_SELF = YES;
				CLANG_WARN_OBJC_LITERAL_CONVERSION = YES;
				CLANG_WARN_OBJC_ROOT_CLASS = YES_ERROR;
				CLANG_WARN_QUOTED_INCLUDE_IN_FRAMEWORK_HEADER = YES;
				CLANG_WARN_RANGE_LOOP_ANALYSIS = YES;
				CLANG_WARN_STRICT_PROTOTYPES = YES;
				CLANG_WARN_SUSPICIOUS_MOVE = YES;
				CLANG_WARN_UNGUARDED_AVAILABILITY = YES_AGGRESSIVE;
				CLANG_WARN_UNREACHABLE_CODE = YES;
				CLANG_WARN__DUPLICATE_METHOD_MATCH = YES;
				COPY_PHASE_STRIP = NO;
				DEBUG_INFORMATION_FORMAT = "dwarf-with-dsym";
				ENABLE_NS_ASSERTIONS = NO;
				ENABLE_STRICT_OBJC_MSGSEND = YES;
				ENABLE_USER_SCRIPT_SANDBOXING = YES;
				GCC_C_LANGUAGE_STANDARD = gnu17;
				GCC_NO_COMMON_BLOCKS = YES;
				GCC_WARN_64_TO_32_BIT_CONVERSION = YES;
				GCC_WARN_ABOUT_RETURN_TYPE = YES_ERROR;
				GCC_WARN_UNDECLARED_SELECTOR = YES;
				GCC_WARN_UNINITIALIZED_AUTOS = YES_AGGRESSIVE;
				GCC_WARN_UNUSED_FUNCTION = YES;
				GCC_WARN_UNUSED_VARIABLE = YES;
				IPHONEOS_DEPLOYMENT_TARGET = 17.2;
				LOCALIZATION_PREFERS_STRING_CATALOGS = YES;
				MTL_ENABLE_DEBUG_INFO = NO;
				MTL_FAST_MATH = YES;
				SDKROOT = iphoneos;
				SWIFT_COMPILATION_MODE = wholemodule;
				VALIDATE_PRODUCT = YES;
			};
			name = Release;
		};
		C51AD4E42B755B6700044E4F /* Debug */ = {
			isa = XCBuildConfiguration;
			buildSettings = {
				ASSETCATALOG_COMPILER_APPICON_NAME = AppIcon;
				ASSETCATALOG_COMPILER_GLOBAL_ACCENT_COLOR_NAME = AccentColor;
				CODE_SIGN_STYLE = Automatic;
				CURRENT_PROJECT_VERSION = 1;
				DEVELOPMENT_ASSET_PATHS = "\"Compass Companion/Preview Content\"";
				DEVELOPMENT_TEAM = 47W8CAGQ86;
				ENABLE_PREVIEWS = YES;
				GENERATE_INFOPLIST_FILE = YES;
				INFOPLIST_KEY_UIApplicationSceneManifest_Generation = YES;
				INFOPLIST_KEY_UIApplicationSupportsIndirectInputEvents = YES;
				INFOPLIST_KEY_UILaunchScreen_Generation = YES;
				INFOPLIST_KEY_UISupportedInterfaceOrientations_iPad = "UIInterfaceOrientationPortrait UIInterfaceOrientationPortraitUpsideDown UIInterfaceOrientationLandscapeLeft UIInterfaceOrientationLandscapeRight";
				INFOPLIST_KEY_UISupportedInterfaceOrientations_iPhone = "UIInterfaceOrientationPortrait UIInterfaceOrientationLandscapeLeft UIInterfaceOrientationLandscapeRight";
				LD_RUNPATH_SEARCH_PATHS = (
					"$(inherited)",
					"@executable_path/Frameworks",
				);
				MARKETING_VERSION = 1.0;
				PRODUCT_BUNDLE_IDENTIFIER = "RHR.Compass-Companion";
				PRODUCT_NAME = "$(TARGET_NAME)";
				SWIFT_EMIT_LOC_STRINGS = YES;
				SWIFT_VERSION = 5.0;
				TARGETED_DEVICE_FAMILY = "1,2";
			};
			name = Debug;
		};
		C51AD4E52B755B6700044E4F /* Release */ = {
			isa = XCBuildConfiguration;
			buildSettings = {
				ASSETCATALOG_COMPILER_APPICON_NAME = AppIcon;
				ASSETCATALOG_COMPILER_GLOBAL_ACCENT_COLOR_NAME = AccentColor;
				CODE_SIGN_STYLE = Automatic;
				CURRENT_PROJECT_VERSION = 1;
				DEVELOPMENT_ASSET_PATHS = "\"Compass Companion/Preview Content\"";
				DEVELOPMENT_TEAM = 47W8CAGQ86;
				ENABLE_PREVIEWS = YES;
				GENERATE_INFOPLIST_FILE = YES;
				INFOPLIST_KEY_UIApplicationSceneManifest_Generation = YES;
				INFOPLIST_KEY_UIApplicationSupportsIndirectInputEvents = YES;
				INFOPLIST_KEY_UILaunchScreen_Generation = YES;
				INFOPLIST_KEY_UISupportedInterfaceOrientations_iPad = "UIInterfaceOrientationPortrait UIInterfaceOrientationPortraitUpsideDown UIInterfaceOrientationLandscapeLeft UIInterfaceOrientationLandscapeRight";
				INFOPLIST_KEY_UISupportedInterfaceOrientations_iPhone = "UIInterfaceOrientationPortrait UIInterfaceOrientationLandscapeLeft UIInterfaceOrientationLandscapeRight";
				LD_RUNPATH_SEARCH_PATHS = (
					"$(inherited)",
					"@executable_path/Frameworks",
				);
				MARKETING_VERSION = 1.0;
				PRODUCT_BUNDLE_IDENTIFIER = "RHR.Compass-Companion";
				PRODUCT_NAME = "$(TARGET_NAME)";
				SWIFT_EMIT_LOC_STRINGS = YES;
				SWIFT_VERSION = 5.0;
				TARGETED_DEVICE_FAMILY = "1,2";
			};
			name = Release;
		};
/* End XCBuildConfiguration section */

/* Begin XCConfigurationList section */
		C51AD4CE2B755B6500044E4F /* Build configuration list for PBXProject "Compass Companion" */ = {
			isa = XCConfigurationList;
			buildConfigurations = (
				C51AD4E12B755B6700044E4F /* Debug */,
				C51AD4E22B755B6700044E4F /* Release */,
			);
			defaultConfigurationIsVisible = 0;
			defaultConfigurationName = Release;
		};
		C51AD4E32B755B6700044E4F /* Build configuration list for PBXNativeTarget "Compass Companion" */ = {
			isa = XCConfigurationList;
			buildConfigurations = (
				C51AD4E42B755B6700044E4F /* Debug */,
				C51AD4E52B755B6700044E4F /* Release */,
			);
			defaultConfigurationIsVisible = 0;
			defaultConfigurationName = Release;
		};
/* End XCConfigurationList section */
	};
	rootObject = C51AD4CB2B755B6500044E4F /* Project object */;
}
